
Microsoft Visual Studio Solution File, Format Version 12.00
# Visual Studio 14
VisualStudioVersion = 14.0.25420.1
MinimumVisualStudioVersion = 10.0.40219.1
Project("{2150E333-8FDC-42A3-9474-1A3956D46DE8}") = "src", "src", "{CF5707B7-579D-41BC-9B60-5F4C9786FEAD}"
EndProject
Project("{2150E333-8FDC-42A3-9474-1A3956D46DE8}") = "Solution Items", "Solution Items", "{B034F432-5B40-4B46-ADE0-B53119FC6F23}"
	ProjectSection(SolutionItems) = preProject
		global.json = global.json
	EndProjectSection
EndProject
Project("{8BB2217D-0F2D-49D1-97BC-3654ED321F3B}") = "ContosoUniversity", "src\ContosoUniversity\ContosoUniversity.xproj", "{CF560E16-7894-40F0-9C85-F97FCD87CE0E}"
EndProject
Global
	GlobalSection(SolutionConfigurationPlatforms) = preSolution
		Debug|Any CPU = Debug|Any CPU
		Release|Any CPU = Release|Any CPU
	EndGlobalSection
	GlobalSection(ProjectConfigurationPlatforms) = postSolution
		{CF560E16-7894-40F0-9C85-F97FCD87CE0E}.Debug|Any CPU.ActiveCfg = Debug|Any CPU
		{CF560E16-7894-40F0-9C85-F97FCD87CE0E}.Debug|Any CPU.Build.0 = Debug|Any CPU
		{CF560E16-7894-40F0-9C85-F97FCD87CE0E}.Release|Any CPU.ActiveCfg = Release|Any CPU
		{CF560E16-7894-40F0-9C85-F97FCD87CE0E}.Release|Any CPU.Build.0 = Release|Any CPU
	EndGlobalSection
	GlobalSection(SolutionProperties) = preSolution
		HideSolutionNode = FALSE
	EndGlobalSection
	GlobalSection(NestedProjects) = preSolution
		{CF560E16-7894-40F0-9C85-F97FCD87CE0E} = {CF5707B7-579D-41BC-9B60-5F4C9786FEAD}
	EndGlobalSection
EndGlobal
